// !$*UTF8*$!
{
	archiveVersion = 1;
	classes = {
	};
	objectVersion = 50;
	objects = {

/* Begin PBXBuildFile section */
		07C2C1CF1674CEAA888241B1 /* Pods_StashCoach.framework in Frameworks */ = {isa = PBXBuildFile; fileRef = FF78E0226A36BB8A2AD7A893 /* Pods_StashCoach.framework */; };
		9EFDF736A3412D10DBC09E2E /* Pods_StashCoachTests.framework in Frameworks */ = {isa = PBXBuildFile; fileRef = 81826F493640595C9890723C /* Pods_StashCoachTests.framework */; };
		A5DBC5D72123900800028108 /* AppDelegate.swift in Sources */ = {isa = PBXBuildFile; fileRef = A5DBC5D62123900800028108 /* AppDelegate.swift */; };
		A5DBC5DC2123900800028108 /* Main.storyboard in Resources */ = {isa = PBXBuildFile; fileRef = A5DBC5DA2123900800028108 /* Main.storyboard */; };
		A5DBC5DE2123900900028108 /* Assets.xcassets in Resources */ = {isa = PBXBuildFile; fileRef = A5DBC5DD2123900900028108 /* Assets.xcassets */; };
		A5DBC5E12123900900028108 /* LaunchScreen.storyboard in Resources */ = {isa = PBXBuildFile; fileRef = A5DBC5DF2123900900028108 /* LaunchScreen.storyboard */; };
		A5DBC5EC2123900900028108 /* StashCoachTests.swift in Sources */ = {isa = PBXBuildFile; fileRef = A5DBC5EB2123900900028108 /* StashCoachTests.swift */; };
		A5DBC6052124E0E600028108 /* StashCoachPresenterSpec.swift in Sources */ = {isa = PBXBuildFile; fileRef = A5DBC6042124E0E600028108 /* StashCoachPresenterSpec.swift */; };
		A5DBC6072124E2C900028108 /* StashCoachModuleSpec.swift in Sources */ = {isa = PBXBuildFile; fileRef = A5DBC6062124E2C900028108 /* StashCoachModuleSpec.swift */; };
		A5DBC6092124E44900028108 /* Podfile in Resources */ = {isa = PBXBuildFile; fileRef = A5DBC6082124E44900028108 /* Podfile */; };
		A5DBC60D2124ED6300028108 /* StashCoachPresenter.swift in Sources */ = {isa = PBXBuildFile; fileRef = A5DBC60C2124ED6300028108 /* StashCoachPresenter.swift */; };
		A5DBC60F2125159C00028108 /* StashCoachView.swift in Sources */ = {isa = PBXBuildFile; fileRef = A5DBC60E2125159C00028108 /* StashCoachView.swift */; };
		A5DBC6112125168A00028108 /* StashCoachViewController.storyboard in Resources */ = {isa = PBXBuildFile; fileRef = A5DBC6102125168A00028108 /* StashCoachViewController.storyboard */; };
		A5DBC613212516AC00028108 /* StashCoachViewController.swift in Sources */ = {isa = PBXBuildFile; fileRef = A5DBC612212516AC00028108 /* StashCoachViewController.swift */; };
		A5DBC61621251BDA00028108 /* Achievement.swift in Sources */ = {isa = PBXBuildFile; fileRef = A5DBC61521251BDA00028108 /* Achievement.swift */; };
		A5DBC61B21251D3300028108 /* AchievementsCollectionViewCell.swift in Sources */ = {isa = PBXBuildFile; fileRef = A5DBC61921251D3300028108 /* AchievementsCollectionViewCell.swift */; };
		A5DBC61C21251D3300028108 /* AchievementsCollectionViewCell.xib in Resources */ = {isa = PBXBuildFile; fileRef = A5DBC61A21251D3300028108 /* AchievementsCollectionViewCell.xib */; };
		A5DBC61E21251FAA00028108 /* StashCoachModule.swift in Sources */ = {isa = PBXBuildFile; fileRef = A5DBC61D21251FA900028108 /* StashCoachModule.swift */; };
/* End PBXBuildFile section */

/* Begin PBXContainerItemProxy section */
		A5DBC5E82123900900028108 /* PBXContainerItemProxy */ = {
			isa = PBXContainerItemProxy;
			containerPortal = A5DBC5CB2123900800028108 /* Project object */;
			proxyType = 1;
			remoteGlobalIDString = A5DBC5D22123900800028108;
			remoteInfo = StashCoach;
		};
/* End PBXContainerItemProxy section */

/* Begin PBXFileReference section */
		2DA64F75D58E5DE8C7848A15 /* Pods-StashCoachTests.debug.xcconfig */ = {isa = PBXFileReference; includeInIndex = 1; lastKnownFileType = text.xcconfig; name = "Pods-StashCoachTests.debug.xcconfig"; path = "Pods/Target Support Files/Pods-StashCoachTests/Pods-StashCoachTests.debug.xcconfig"; sourceTree = "<group>"; };
		3F1E61C1F6CFAE16953C46CD /* Pods_StashCoachUITests.framework */ = {isa = PBXFileReference; explicitFileType = wrapper.framework; includeInIndex = 0; path = Pods_StashCoachUITests.framework; sourceTree = BUILT_PRODUCTS_DIR; };
		435A16043BCA691393DF4749 /* Pods-StashCoachUITests.release.xcconfig */ = {isa = PBXFileReference; includeInIndex = 1; lastKnownFileType = text.xcconfig; name = "Pods-StashCoachUITests.release.xcconfig"; path = "Pods/Target Support Files/Pods-StashCoachUITests/Pods-StashCoachUITests.release.xcconfig"; sourceTree = "<group>"; };
		6A7AA30A59C2F5D213D5B065 /* Pods-StashCoach.release.xcconfig */ = {isa = PBXFileReference; includeInIndex = 1; lastKnownFileType = text.xcconfig; name = "Pods-StashCoach.release.xcconfig"; path = "Pods/Target Support Files/Pods-StashCoach/Pods-StashCoach.release.xcconfig"; sourceTree = "<group>"; };
		81826F493640595C9890723C /* Pods_StashCoachTests.framework */ = {isa = PBXFileReference; explicitFileType = wrapper.framework; includeInIndex = 0; path = Pods_StashCoachTests.framework; sourceTree = BUILT_PRODUCTS_DIR; };
		8399F5C310FDFC001673F08B /* Pods-StashCoachTests.release.xcconfig */ = {isa = PBXFileReference; includeInIndex = 1; lastKnownFileType = text.xcconfig; name = "Pods-StashCoachTests.release.xcconfig"; path = "Pods/Target Support Files/Pods-StashCoachTests/Pods-StashCoachTests.release.xcconfig"; sourceTree = "<group>"; };
		A5DBC5D32123900800028108 /* StashCoach.app */ = {isa = PBXFileReference; explicitFileType = wrapper.application; includeInIndex = 0; path = StashCoach.app; sourceTree = BUILT_PRODUCTS_DIR; };
		A5DBC5D62123900800028108 /* AppDelegate.swift */ = {isa = PBXFileReference; lastKnownFileType = sourcecode.swift; path = AppDelegate.swift; sourceTree = "<group>"; };
		A5DBC5DB2123900800028108 /* Base */ = {isa = PBXFileReference; lastKnownFileType = file.storyboard; name = Base; path = Base.lproj/Main.storyboard; sourceTree = "<group>"; };
		A5DBC5DD2123900900028108 /* Assets.xcassets */ = {isa = PBXFileReference; lastKnownFileType = folder.assetcatalog; path = Assets.xcassets; sourceTree = "<group>"; };
		A5DBC5E02123900900028108 /* Base */ = {isa = PBXFileReference; lastKnownFileType = file.storyboard; name = Base; path = Base.lproj/LaunchScreen.storyboard; sourceTree = "<group>"; };
		A5DBC5E22123900900028108 /* Info.plist */ = {isa = PBXFileReference; lastKnownFileType = text.plist.xml; path = Info.plist; sourceTree = "<group>"; };
		A5DBC5E72123900900028108 /* StashCoachTests.xctest */ = {isa = PBXFileReference; explicitFileType = wrapper.cfbundle; includeInIndex = 0; path = StashCoachTests.xctest; sourceTree = BUILT_PRODUCTS_DIR; };
		A5DBC5EB2123900900028108 /* StashCoachTests.swift */ = {isa = PBXFileReference; lastKnownFileType = sourcecode.swift; path = StashCoachTests.swift; sourceTree = "<group>"; };
		A5DBC5ED2123900900028108 /* Info.plist */ = {isa = PBXFileReference; lastKnownFileType = text.plist.xml; path = Info.plist; sourceTree = "<group>"; };
		A5DBC6042124E0E600028108 /* StashCoachPresenterSpec.swift */ = {isa = PBXFileReference; lastKnownFileType = sourcecode.swift; path = StashCoachPresenterSpec.swift; sourceTree = "<group>"; };
		A5DBC6062124E2C900028108 /* StashCoachModuleSpec.swift */ = {isa = PBXFileReference; lastKnownFileType = sourcecode.swift; path = StashCoachModuleSpec.swift; sourceTree = "<group>"; };
		A5DBC6082124E44900028108 /* Podfile */ = {isa = PBXFileReference; fileEncoding = 4; lastKnownFileType = text; path = Podfile; sourceTree = "<group>"; xcLanguageSpecificationIdentifier = xcode.lang.ruby; };
		A5DBC60C2124ED6300028108 /* StashCoachPresenter.swift */ = {isa = PBXFileReference; lastKnownFileType = sourcecode.swift; path = StashCoachPresenter.swift; sourceTree = "<group>"; };
		A5DBC60E2125159C00028108 /* StashCoachView.swift */ = {isa = PBXFileReference; lastKnownFileType = sourcecode.swift; path = StashCoachView.swift; sourceTree = "<group>"; };
		A5DBC6102125168A00028108 /* StashCoachViewController.storyboard */ = {isa = PBXFileReference; lastKnownFileType = file.storyboard; path = StashCoachViewController.storyboard; sourceTree = "<group>"; };
		A5DBC612212516AC00028108 /* StashCoachViewController.swift */ = {isa = PBXFileReference; lastKnownFileType = sourcecode.swift; path = StashCoachViewController.swift; sourceTree = "<group>"; };
		A5DBC61521251BDA00028108 /* Achievement.swift */ = {isa = PBXFileReference; lastKnownFileType = sourcecode.swift; path = Achievement.swift; sourceTree = "<group>"; };
		A5DBC61921251D3300028108 /* AchievementsCollectionViewCell.swift */ = {isa = PBXFileReference; lastKnownFileType = sourcecode.swift; path = AchievementsCollectionViewCell.swift; sourceTree = "<group>"; };
		A5DBC61A21251D3300028108 /* AchievementsCollectionViewCell.xib */ = {isa = PBXFileReference; lastKnownFileType = file.xib; path = AchievementsCollectionViewCell.xib; sourceTree = "<group>"; };
		A5DBC61D21251FA900028108 /* StashCoachModule.swift */ = {isa = PBXFileReference; lastKnownFileType = sourcecode.swift; path = StashCoachModule.swift; sourceTree = "<group>"; };
		D49BDA43810B0BB94AF584CD /* Pods-StashCoachUITests.debug.xcconfig */ = {isa = PBXFileReference; includeInIndex = 1; lastKnownFileType = text.xcconfig; name = "Pods-StashCoachUITests.debug.xcconfig"; path = "Pods/Target Support Files/Pods-StashCoachUITests/Pods-StashCoachUITests.debug.xcconfig"; sourceTree = "<group>"; };
		FEECF8141D86B5C8D893B683 /* Pods-StashCoach.debug.xcconfig */ = {isa = PBXFileReference; includeInIndex = 1; lastKnownFileType = text.xcconfig; name = "Pods-StashCoach.debug.xcconfig"; path = "Pods/Target Support Files/Pods-StashCoach/Pods-StashCoach.debug.xcconfig"; sourceTree = "<group>"; };
		FF78E0226A36BB8A2AD7A893 /* Pods_StashCoach.framework */ = {isa = PBXFileReference; explicitFileType = wrapper.framework; includeInIndex = 0; path = Pods_StashCoach.framework; sourceTree = BUILT_PRODUCTS_DIR; };
/* End PBXFileReference section */

/* Begin PBXFrameworksBuildPhase section */
		A5DBC5D02123900800028108 /* Frameworks */ = {
			isa = PBXFrameworksBuildPhase;
			buildActionMask = 2147483647;
			files = (
				07C2C1CF1674CEAA888241B1 /* Pods_StashCoach.framework in Frameworks */,
			);
			runOnlyForDeploymentPostprocessing = 0;
		};
		A5DBC5E42123900900028108 /* Frameworks */ = {
			isa = PBXFrameworksBuildPhase;
			buildActionMask = 2147483647;
			files = (
				9EFDF736A3412D10DBC09E2E /* Pods_StashCoachTests.framework in Frameworks */,
			);
			runOnlyForDeploymentPostprocessing = 0;
		};
/* End PBXFrameworksBuildPhase section */

/* Begin PBXGroup section */
		2D0DDCAE62A1045B9E3148B0 /* Frameworks */ = {
			isa = PBXGroup;
			children = (
				FF78E0226A36BB8A2AD7A893 /* Pods_StashCoach.framework */,
				81826F493640595C9890723C /* Pods_StashCoachTests.framework */,
				3F1E61C1F6CFAE16953C46CD /* Pods_StashCoachUITests.framework */,
			);
			name = Frameworks;
			sourceTree = "<group>";
		};
		A5DBC5CA2123900800028108 = {
			isa = PBXGroup;
			children = (
				A5DBC6082124E44900028108 /* Podfile */,
				A5DBC5D52123900800028108 /* StashCoach */,
				A5DBC5EA2123900900028108 /* StashCoachTests */,
				A5DBC5D42123900800028108 /* Products */,
				FA557C19B94763BED8D04193 /* Pods */,
				2D0DDCAE62A1045B9E3148B0 /* Frameworks */,
			);
			sourceTree = "<group>";
		};
		A5DBC5D42123900800028108 /* Products */ = {
			isa = PBXGroup;
			children = (
				A5DBC5D32123900800028108 /* StashCoach.app */,
				A5DBC5E72123900900028108 /* StashCoachTests.xctest */,
			);
			name = Products;
			sourceTree = "<group>";
		};
		A5DBC5D52123900800028108 /* StashCoach */ = {
			isa = PBXGroup;
			children = (
				A5DBC5E22123900900028108 /* Info.plist */,
				A5DBC5D62123900800028108 /* AppDelegate.swift */,
				A5DBC5DD2123900900028108 /* Assets.xcassets */,
				A5DBC61421251BB500028108 /* Entities */,
				A5DBC5DF2123900900028108 /* LaunchScreen.storyboard */,
				A5DBC5DA2123900800028108 /* Main.storyboard */,
				A5DBC60A2124ED4800028108 /* Modules */,
			);
			path = StashCoach;
			sourceTree = "<group>";
		};
		A5DBC5EA2123900900028108 /* StashCoachTests */ = {
			isa = PBXGroup;
			children = (
				A5DBC5ED2123900900028108 /* Info.plist */,
				A5DBC6062124E2C900028108 /* StashCoachModuleSpec.swift */,
				A5DBC6042124E0E600028108 /* StashCoachPresenterSpec.swift */,
				A5DBC5EB2123900900028108 /* StashCoachTests.swift */,
			);
			path = StashCoachTests;
			sourceTree = "<group>";
		};
		A5DBC60A2124ED4800028108 /* Modules */ = {
			isa = PBXGroup;
			children = (
				A5DBC60B2124ED5100028108 /* StashCoach */,
			);
			path = Modules;
			sourceTree = "<group>";
		};
		A5DBC60B2124ED5100028108 /* StashCoach */ = {
			isa = PBXGroup;
			children = (
				A5DBC60C2124ED6300028108 /* StashCoachPresenter.swift */,
				A5DBC60E2125159C00028108 /* StashCoachView.swift */,
				A5DBC6102125168A00028108 /* StashCoachViewController.storyboard */,
				A5DBC612212516AC00028108 /* StashCoachViewController.swift */,
				A5DBC61921251D3300028108 /* AchievementsCollectionViewCell.swift */,
				A5DBC61A21251D3300028108 /* AchievementsCollectionViewCell.xib */,
				A5DBC61D21251FA900028108 /* StashCoachModule.swift */,
			);
			path = StashCoach;
			sourceTree = "<group>";
		};
		A5DBC61421251BB500028108 /* Entities */ = {
			isa = PBXGroup;
			children = (
				A5DBC61521251BDA00028108 /* Achievement.swift */,
			);
			path = Entities;
			sourceTree = "<group>";
		};
		FA557C19B94763BED8D04193 /* Pods */ = {
			isa = PBXGroup;
			children = (
				FEECF8141D86B5C8D893B683 /* Pods-StashCoach.debug.xcconfig */,
				6A7AA30A59C2F5D213D5B065 /* Pods-StashCoach.release.xcconfig */,
				2DA64F75D58E5DE8C7848A15 /* Pods-StashCoachTests.debug.xcconfig */,
				8399F5C310FDFC001673F08B /* Pods-StashCoachTests.release.xcconfig */,
				D49BDA43810B0BB94AF584CD /* Pods-StashCoachUITests.debug.xcconfig */,
				435A16043BCA691393DF4749 /* Pods-StashCoachUITests.release.xcconfig */,
			);
			name = Pods;
			sourceTree = "<group>";
		};
/* End PBXGroup section */

/* Begin PBXNativeTarget section */
		A5DBC5D22123900800028108 /* StashCoach */ = {
			isa = PBXNativeTarget;
			buildConfigurationList = A5DBC5FB2123900900028108 /* Build configuration list for PBXNativeTarget "StashCoach" */;
			buildPhases = (
				3A07796A3F73DF7414B8678B /* [CP] Check Pods Manifest.lock */,
				A5DBC5CF2123900800028108 /* Sources */,
				A5DBC5D02123900800028108 /* Frameworks */,
				A5DBC5D12123900800028108 /* Resources */,
			);
			buildRules = (
			);
			dependencies = (
			);
			name = StashCoach;
			productName = StashCoach;
			productReference = A5DBC5D32123900800028108 /* StashCoach.app */;
			productType = "com.apple.product-type.application";
		};
		A5DBC5E62123900900028108 /* StashCoachTests */ = {
			isa = PBXNativeTarget;
			buildConfigurationList = A5DBC5FE2123900900028108 /* Build configuration list for PBXNativeTarget "StashCoachTests" */;
			buildPhases = (
				C4352171A264E877B7AF73AF /* [CP] Check Pods Manifest.lock */,
				A5DBC5E32123900900028108 /* Sources */,
				A5DBC5E42123900900028108 /* Frameworks */,
				A5DBC5E52123900900028108 /* Resources */,
				5D61E2E11C022A5702A3ED2E /* [CP] Embed Pods Frameworks */,
			);
			buildRules = (
			);
			dependencies = (
				A5DBC5E92123900900028108 /* PBXTargetDependency */,
			);
			name = StashCoachTests;
			productName = StashCoachTests;
			productReference = A5DBC5E72123900900028108 /* StashCoachTests.xctest */;
			productType = "com.apple.product-type.bundle.unit-test";
		};
/* End PBXNativeTarget section */

/* Begin PBXProject section */
		A5DBC5CB2123900800028108 /* Project object */ = {
			isa = PBXProject;
			attributes = {
				LastSwiftUpdateCheck = 0940;
				LastUpgradeCheck = 0940;
				ORGANIZATIONNAME = amwzero;
				TargetAttributes = {
					A5DBC5D22123900800028108 = {
						CreatedOnToolsVersion = 9.4.1;
					};
					A5DBC5E62123900900028108 = {
						CreatedOnToolsVersion = 9.4.1;
						TestTargetID = A5DBC5D22123900800028108;
					};
				};
			};
			buildConfigurationList = A5DBC5CE2123900800028108 /* Build configuration list for PBXProject "StashCoach" */;
			compatibilityVersion = "Xcode 9.3";
			developmentRegion = en;
			hasScannedForEncodings = 0;
			knownRegions = (
				en,
				Base,
			);
			mainGroup = A5DBC5CA2123900800028108;
			productRefGroup = A5DBC5D42123900800028108 /* Products */;
			projectDirPath = "";
			projectRoot = "";
			targets = (
				A5DBC5D22123900800028108 /* StashCoach */,
				A5DBC5E62123900900028108 /* StashCoachTests */,
			);
		};
/* End PBXProject section */

/* Begin PBXResourcesBuildPhase section */
		A5DBC5D12123900800028108 /* Resources */ = {
			isa = PBXResourcesBuildPhase;
			buildActionMask = 2147483647;
			files = (
				A5DBC6112125168A00028108 /* StashCoachViewController.storyboard in Resources */,
				A5DBC5E12123900900028108 /* LaunchScreen.storyboard in Resources */,
				A5DBC5DE2123900900028108 /* Assets.xcassets in Resources */,
				A5DBC61C21251D3300028108 /* AchievementsCollectionViewCell.xib in Resources */,
				A5DBC5DC2123900800028108 /* Main.storyboard in Resources */,
			);
			runOnlyForDeploymentPostprocessing = 0;
		};
		A5DBC5E52123900900028108 /* Resources */ = {
			isa = PBXResourcesBuildPhase;
			buildActionMask = 2147483647;
			files = (
				A5DBC6092124E44900028108 /* Podfile in Resources */,
			);
			runOnlyForDeploymentPostprocessing = 0;
		};
/* End PBXResourcesBuildPhase section */

/* Begin PBXShellScriptBuildPhase section */
		3A07796A3F73DF7414B8678B /* [CP] Check Pods Manifest.lock */ = {
			isa = PBXShellScriptBuildPhase;
			buildActionMask = 2147483647;
			files = (
			);
			inputPaths = (
				"${PODS_PODFILE_DIR_PATH}/Podfile.lock",
				"${PODS_ROOT}/Manifest.lock",
			);
			name = "[CP] Check Pods Manifest.lock";
			outputPaths = (
				"$(DERIVED_FILE_DIR)/Pods-StashCoach-checkManifestLockResult.txt",
			);
			runOnlyForDeploymentPostprocessing = 0;
			shellPath = /bin/sh;
			shellScript = "diff \"${PODS_PODFILE_DIR_PATH}/Podfile.lock\" \"${PODS_ROOT}/Manifest.lock\" > /dev/null\nif [ $? != 0 ] ; then\n    # print error to STDERR\n    echo \"error: The sandbox is not in sync with the Podfile.lock. Run 'pod install' or update your CocoaPods installation.\" >&2\n    exit 1\nfi\n# This output is used by Xcode 'outputs' to avoid re-running this script phase.\necho \"SUCCESS\" > \"${SCRIPT_OUTPUT_FILE_0}\"\n";
			showEnvVarsInLog = 0;
		};
		5D61E2E11C022A5702A3ED2E /* [CP] Embed Pods Frameworks */ = {
			isa = PBXShellScriptBuildPhase;
			buildActionMask = 2147483647;
			files = (
			);
			inputPaths = (
				"${SRCROOT}/Pods/Target Support Files/Pods-StashCoachTests/Pods-StashCoachTests-frameworks.sh",
				"${BUILT_PRODUCTS_DIR}/Nimble/Nimble.framework",
				"${BUILT_PRODUCTS_DIR}/Quick/Quick.framework",
			);
			name = "[CP] Embed Pods Frameworks";
			outputPaths = (
				"${TARGET_BUILD_DIR}/${FRAMEWORKS_FOLDER_PATH}/Nimble.framework",
				"${TARGET_BUILD_DIR}/${FRAMEWORKS_FOLDER_PATH}/Quick.framework",
			);
			runOnlyForDeploymentPostprocessing = 0;
			shellPath = /bin/sh;
			shellScript = "\"${SRCROOT}/Pods/Target Support Files/Pods-StashCoachTests/Pods-StashCoachTests-frameworks.sh\"\n";
			showEnvVarsInLog = 0;
		};
		C4352171A264E877B7AF73AF /* [CP] Check Pods Manifest.lock */ = {
			isa = PBXShellScriptBuildPhase;
			buildActionMask = 2147483647;
			files = (
			);
			inputPaths = (
				"${PODS_PODFILE_DIR_PATH}/Podfile.lock",
				"${PODS_ROOT}/Manifest.lock",
			);
			name = "[CP] Check Pods Manifest.lock";
			outputPaths = (
				"$(DERIVED_FILE_DIR)/Pods-StashCoachTests-checkManifestLockResult.txt",
			);
			runOnlyForDeploymentPostprocessing = 0;
			shellPath = /bin/sh;
			shellScript = "diff \"${PODS_PODFILE_DIR_PATH}/Podfile.lock\" \"${PODS_ROOT}/Manifest.lock\" > /dev/null\nif [ $? != 0 ] ; then\n    # print error to STDERR\n    echo \"error: The sandbox is not in sync with the Podfile.lock. Run 'pod install' or update your CocoaPods installation.\" >&2\n    exit 1\nfi\n# This output is used by Xcode 'outputs' to avoid re-running this script phase.\necho \"SUCCESS\" > \"${SCRIPT_OUTPUT_FILE_0}\"\n";
			showEnvVarsInLog = 0;
		};
/* End PBXShellScriptBuildPhase section */

/* Begin PBXSourcesBuildPhase section */
		A5DBC5CF2123900800028108 /* Sources */ = {
			isa = PBXSourcesBuildPhase;
			buildActionMask = 2147483647;
			files = (
				A5DBC613212516AC00028108 /* StashCoachViewController.swift in Sources */,
				A5DBC60D2124ED6300028108 /* StashCoachPresenter.swift in Sources */,
				A5DBC61B21251D3300028108 /* AchievementsCollectionViewCell.swift in Sources */,
				A5DBC5D72123900800028108 /* AppDelegate.swift in Sources */,
				A5DBC61E21251FAA00028108 /* StashCoachModule.swift in Sources */,
				A5DBC60F2125159C00028108 /* StashCoachView.swift in Sources */,
				A5DBC61621251BDA00028108 /* Achievement.swift in Sources */,
			);
			runOnlyForDeploymentPostprocessing = 0;
		};
		A5DBC5E32123900900028108 /* Sources */ = {
			isa = PBXSourcesBuildPhase;
			buildActionMask = 2147483647;
			files = (
				A5DBC6072124E2C900028108 /* StashCoachModuleSpec.swift in Sources */,
				A5DBC5EC2123900900028108 /* StashCoachTests.swift in Sources */,
				A5DBC6052124E0E600028108 /* StashCoachPresenterSpec.swift in Sources */,
			);
			runOnlyForDeploymentPostprocessing = 0;
		};
/* End PBXSourcesBuildPhase section */

/* Begin PBXTargetDependency section */
		A5DBC5E92123900900028108 /* PBXTargetDependency */ = {
			isa = PBXTargetDependency;
			target = A5DBC5D22123900800028108 /* StashCoach */;
			targetProxy = A5DBC5E82123900900028108 /* PBXContainerItemProxy */;
		};
/* End PBXTargetDependency section */

/* Begin PBXVariantGroup section */
		A5DBC5DA2123900800028108 /* Main.storyboard */ = {
			isa = PBXVariantGroup;
			children = (
				A5DBC5DB2123900800028108 /* Base */,
			);
			name = Main.storyboard;
			sourceTree = "<group>";
		};
		A5DBC5DF2123900900028108 /* LaunchScreen.storyboard */ = {
			isa = PBXVariantGroup;
			children = (
				A5DBC5E02123900900028108 /* Base */,
			);
			name = LaunchScreen.storyboard;
			sourceTree = "<group>";
		};
/* End PBXVariantGroup section */

/* Begin XCBuildConfiguration section */
		A5DBC5F92123900900028108 /* Debug */ = {
			isa = XCBuildConfiguration;
			buildSettings = {
				ALWAYS_SEARCH_USER_PATHS = NO;
				CLANG_ANALYZER_NONNULL = YES;
				CLANG_ANALYZER_NUMBER_OBJECT_CONVERSION = YES_AGGRESSIVE;
				CLANG_CXX_LANGUAGE_STANDARD = "gnu++14";
				CLANG_CXX_LIBRARY = "libc++";
				CLANG_ENABLE_MODULES = YES;
				CLANG_ENABLE_OBJC_ARC = YES;
				CLANG_ENABLE_OBJC_WEAK = YES;
				CLANG_WARN_BLOCK_CAPTURE_AUTORELEASING = YES;
				CLANG_WARN_BOOL_CONVERSION = YES;
				CLANG_WARN_COMMA = YES;
				CLANG_WARN_CONSTANT_CONVERSION = YES;
				CLANG_WARN_DEPRECATED_OBJC_IMPLEMENTATIONS = YES;
				CLANG_WARN_DIRECT_OBJC_ISA_USAGE = YES_ERROR;
				CLANG_WARN_DOCUMENTATION_COMMENTS = YES;
				CLANG_WARN_EMPTY_BODY = YES;
				CLANG_WARN_ENUM_CONVERSION = YES;
				CLANG_WARN_INFINITE_RECURSION = YES;
				CLANG_WARN_INT_CONVERSION = YES;
				CLANG_WARN_NON_LITERAL_NULL_CONVERSION = YES;
				CLANG_WARN_OBJC_IMPLICIT_RETAIN_SELF = YES;
				CLANG_WARN_OBJC_LITERAL_CONVERSION = YES;
				CLANG_WARN_OBJC_ROOT_CLASS = YES_ERROR;
				CLANG_WARN_RANGE_LOOP_ANALYSIS = YES;
				CLANG_WARN_STRICT_PROTOTYPES = YES;
				CLANG_WARN_SUSPICIOUS_MOVE = YES;
				CLANG_WARN_UNGUARDED_AVAILABILITY = YES_AGGRESSIVE;
				CLANG_WARN_UNREACHABLE_CODE = YES;
				CLANG_WARN__DUPLICATE_METHOD_MATCH = YES;
				CODE_SIGN_IDENTITY = "iPhone Developer";
				COPY_PHASE_STRIP = NO;
				DEBUG_INFORMATION_FORMAT = dwarf;
				ENABLE_STRICT_OBJC_MSGSEND = YES;
				ENABLE_TESTABILITY = YES;
				GCC_C_LANGUAGE_STANDARD = gnu11;
				GCC_DYNAMIC_NO_PIC = NO;
				GCC_NO_COMMON_BLOCKS = YES;
				GCC_OPTIMIZATION_LEVEL = 0;
				GCC_PREPROCESSOR_DEFINITIONS = (
					"DEBUG=1",
					"$(inherited)",
				);
				GCC_WARN_64_TO_32_BIT_CONVERSION = YES;
				GCC_WARN_ABOUT_RETURN_TYPE = YES_ERROR;
				GCC_WARN_UNDECLARED_SELECTOR = YES;
				GCC_WARN_UNINITIALIZED_AUTOS = YES_AGGRESSIVE;
				GCC_WARN_UNUSED_FUNCTION = YES;
				GCC_WARN_UNUSED_VARIABLE = YES;
				IPHONEOS_DEPLOYMENT_TARGET = 11.4;
				MTL_ENABLE_DEBUG_INFO = YES;
				ONLY_ACTIVE_ARCH = YES;
				SDKROOT = iphoneos;
				SWIFT_ACTIVE_COMPILATION_CONDITIONS = DEBUG;
				SWIFT_OPTIMIZATION_LEVEL = "-Onone";
			};
			name = Debug;
		};
		A5DBC5FA2123900900028108 /* Release */ = {
			isa = XCBuildConfiguration;
			buildSettings = {
				ALWAYS_SEARCH_USER_PATHS = NO;
				CLANG_ANALYZER_NONNULL = YES;
				CLANG_ANALYZER_NUMBER_OBJECT_CONVERSION = YES_AGGRESSIVE;
				CLANG_CXX_LANGUAGE_STANDARD = "gnu++14";
				CLANG_CXX_LIBRARY = "libc++";
				CLANG_ENABLE_MODULES = YES;
				CLANG_ENABLE_OBJC_ARC = YES;
				CLANG_ENABLE_OBJC_WEAK = YES;
				CLANG_WARN_BLOCK_CAPTURE_AUTORELEASING = YES;
				CLANG_WARN_BOOL_CONVERSION = YES;
				CLANG_WARN_COMMA = YES;
				CLANG_WARN_CONSTANT_CONVERSION = YES;
				CLANG_WARN_DEPRECATED_OBJC_IMPLEMENTATIONS = YES;
				CLANG_WARN_DIRECT_OBJC_ISA_USAGE = YES_ERROR;
				CLANG_WARN_DOCUMENTATION_COMMENTS = YES;
				CLANG_WARN_EMPTY_BODY = YES;
				CLANG_WARN_ENUM_CONVERSION = YES;
				CLANG_WARN_INFINITE_RECURSION = YES;
				CLANG_WARN_INT_CONVERSION = YES;
				CLANG_WARN_NON_LITERAL_NULL_CONVERSION = YES;
				CLANG_WARN_OBJC_IMPLICIT_RETAIN_SELF = YES;
				CLANG_WARN_OBJC_LITERAL_CONVERSION = YES;
				CLANG_WARN_OBJC_ROOT_CLASS = YES_ERROR;
				CLANG_WARN_RANGE_LOOP_ANALYSIS = YES;
				CLANG_WARN_STRICT_PROTOTYPES = YES;
				CLANG_WARN_SUSPICIOUS_MOVE = YES;
				CLANG_WARN_UNGUARDED_AVAILABILITY = YES_AGGRESSIVE;
				CLANG_WARN_UNREACHABLE_CODE = YES;
				CLANG_WARN__DUPLICATE_METHOD_MATCH = YES;
				CODE_SIGN_IDENTITY = "iPhone Developer";
				COPY_PHASE_STRIP = NO;
				DEBUG_INFORMATION_FORMAT = "dwarf-with-dsym";
				ENABLE_NS_ASSERTIONS = NO;
				ENABLE_STRICT_OBJC_MSGSEND = YES;
				GCC_C_LANGUAGE_STANDARD = gnu11;
				GCC_NO_COMMON_BLOCKS = YES;
				GCC_WARN_64_TO_32_BIT_CONVERSION = YES;
				GCC_WARN_ABOUT_RETURN_TYPE = YES_ERROR;
				GCC_WARN_UNDECLARED_SELECTOR = YES;
				GCC_WARN_UNINITIALIZED_AUTOS = YES_AGGRESSIVE;
				GCC_WARN_UNUSED_FUNCTION = YES;
				GCC_WARN_UNUSED_VARIABLE = YES;
				IPHONEOS_DEPLOYMENT_TARGET = 11.4;
				MTL_ENABLE_DEBUG_INFO = NO;
				SDKROOT = iphoneos;
				SWIFT_COMPILATION_MODE = wholemodule;
				SWIFT_OPTIMIZATION_LEVEL = "-O";
				VALIDATE_PRODUCT = YES;
			};
			name = Release;
		};
		A5DBC5FC2123900900028108 /* Debug */ = {
			isa = XCBuildConfiguration;
			baseConfigurationReference = FEECF8141D86B5C8D893B683 /* Pods-StashCoach.debug.xcconfig */;
			buildSettings = {
				ASSETCATALOG_COMPILER_APPICON_NAME = AppIcon;
				CODE_SIGN_STYLE = Automatic;
				INFOPLIST_FILE = StashCoach/Info.plist;
				LD_RUNPATH_SEARCH_PATHS = (
					"$(inherited)",
					"@executable_path/Frameworks",
				);
				PRODUCT_BUNDLE_IDENTIFIER = com.amwzero.StashCoach;
				PRODUCT_NAME = "$(TARGET_NAME)";
				SWIFT_VERSION = 4.0;
				TARGETED_DEVICE_FAMILY = "1,2";
			};
			name = Debug;
		};
		A5DBC5FD2123900900028108 /* Release */ = {
			isa = XCBuildConfiguration;
			baseConfigurationReference = 6A7AA30A59C2F5D213D5B065 /* Pods-StashCoach.release.xcconfig */;
			buildSettings = {
				ASSETCATALOG_COMPILER_APPICON_NAME = AppIcon;
				CODE_SIGN_STYLE = Automatic;
				INFOPLIST_FILE = StashCoach/Info.plist;
				LD_RUNPATH_SEARCH_PATHS = (
					"$(inherited)",
					"@executable_path/Frameworks",
				);
				PRODUCT_BUNDLE_IDENTIFIER = com.amwzero.StashCoach;
				PRODUCT_NAME = "$(TARGET_NAME)";
				SWIFT_VERSION = 4.0;
				TARGETED_DEVICE_FAMILY = "1,2";
			};
			name = Release;
		};
		A5DBC5FF2123900900028108 /* Debug */ = {
			isa = XCBuildConfiguration;
			baseConfigurationReference = 2DA64F75D58E5DE8C7848A15 /* Pods-StashCoachTests.debug.xcconfig */;
			buildSettings = {
				ALWAYS_EMBED_SWIFT_STANDARD_LIBRARIES = YES;
				BUNDLE_LOADER = "$(TEST_HOST)";
				CODE_SIGN_STYLE = Automatic;
				INFOPLIST_FILE = StashCoachTests/Info.plist;
				LD_RUNPATH_SEARCH_PATHS = (
					"$(inherited)",
					"@executable_path/Frameworks",
					"@loader_path/Frameworks",
				);
				PRODUCT_BUNDLE_IDENTIFIER = com.amwzero.StashCoachTests;
				PRODUCT_NAME = "$(TARGET_NAME)";
				SWIFT_VERSION = 4.0;
				TARGETED_DEVICE_FAMILY = "1,2";
				TEST_HOST = "$(BUILT_PRODUCTS_DIR)/StashCoach.app/StashCoach";
			};
			name = Debug;
		};
		A5DBC6002123900900028108 /* Release */ = {
			isa = XCBuildConfiguration;
			baseConfigurationReference = 8399F5C310FDFC001673F08B /* Pods-StashCoachTests.release.xcconfig */;
			buildSettings = {
				ALWAYS_EMBED_SWIFT_STANDARD_LIBRARIES = YES;
				BUNDLE_LOADER = "$(TEST_HOST)";
				CODE_SIGN_STYLE = Automatic;
				INFOPLIST_FILE = StashCoachTests/Info.plist;
				LD_RUNPATH_SEARCH_PATHS = (
					"$(inherited)",
					"@executable_path/Frameworks",
					"@loader_path/Frameworks",
				);
				PRODUCT_BUNDLE_IDENTIFIER = com.amwzero.StashCoachTests;
				PRODUCT_NAME = "$(TARGET_NAME)";
				SWIFT_VERSION = 4.0;
				TARGETED_DEVICE_FAMILY = "1,2";
				TEST_HOST = "$(BUILT_PRODUCTS_DIR)/StashCoach.app/StashCoach";
			};
			name = Release;
		};
/* End XCBuildConfiguration section */

/* Begin XCConfigurationList section */
		A5DBC5CE2123900800028108 /* Build configuration list for PBXProject "StashCoach" */ = {
			isa = XCConfigurationList;
			buildConfigurations = (
				A5DBC5F92123900900028108 /* Debug */,
				A5DBC5FA2123900900028108 /* Release */,
			);
			defaultConfigurationIsVisible = 0;
			defaultConfigurationName = Release;
		};
		A5DBC5FB2123900900028108 /* Build configuration list for PBXNativeTarget "StashCoach" */ = {
			isa = XCConfigurationList;
			buildConfigurations = (
				A5DBC5FC2123900900028108 /* Debug */,
				A5DBC5FD2123900900028108 /* Release */,
			);
			defaultConfigurationIsVisible = 0;
			defaultConfigurationName = Release;
		};
		A5DBC5FE2123900900028108 /* Build configuration list for PBXNativeTarget "StashCoachTests" */ = {
			isa = XCConfigurationList;
			buildConfigurations = (
				A5DBC5FF2123900900028108 /* Debug */,
				A5DBC6002123900900028108 /* Release */,
			);
			defaultConfigurationIsVisible = 0;
			defaultConfigurationName = Release;
		};
/* End XCConfigurationList section */
	};
	rootObject = A5DBC5CB2123900800028108 /* Project object */;
}
